%{
  "blinkchain": {:hex, :blinkchain, "1.0.0", "0bef4296c0fc3e36c153d717eefcaf5fa6681b4c81f3f5b98030e8044d3d3fe1", [:make, :mix], [{:elixir_make, "~> 0.6", [hex: :elixir_make, repo: "hexpm", optional: false]}], "hexpm", "ecf950d7eb3fb0409efb64e952be3d921bc20045a5cd736cd4c4e52cfa852c7a"},
  "elixir_make": {:hex, :elixir_make, "0.6.1", "8faa29a5597faba999aeeb72bbb9c91694ef8068f0131192fb199f98d32994ef", [:mix], [], "hexpm", "35d33270680f8d839a4003c3e9f43afb595310a592405a00afc12de4c7f55a18"},
}
