%{
  "ace": {:hex, :ace, "0.18.10", "b471853b9da7acc1bd8df73749db832f99eef8555bab7d90de3854bda93b1dc8", [:mix], [{:hpack, "~> 0.2.3", [hex: :hpack_erl, repo: "hexpm", optional: false]}, {:raxx, "~> 0.17.0 or ~> 0.18.0 or ~> 1.0", [hex: :raxx, repo: "hexpm", optional: false]}], "hexpm", "73994932c92e92749c697690eed842b4733c4e78719d0f4a547c1656a189858f"},
  "blinkchain": {:hex, :blinkchain, "1.0.0", "0bef4296c0fc3e36c153d717eefcaf5fa6681b4c81f3f5b98030e8044d3d3fe1", [:make, :mix], [{:elixir_make, "~> 0.6", [hex: :elixir_make, repo: "hexpm", optional: false]}], "hexpm", "ecf950d7eb3fb0409efb64e952be3d921bc20045a5cd736cd4c4e52cfa852c7a"},
  "busybox": {:hex, :busybox, "0.1.4", "9b07860c0663e7d0ace3093100ede44860bd73c22b17c2941a4b17e25893cc36", [:make, :mix], [{:elixir_make, "~> 0.5", [hex: :elixir_make, repo: "hexpm", optional: false]}], "hexpm", "49f4a47821b31e1d5936aa7887109e4b6829a5c4d9233d5f3b2b62d6766e634d"},
  "cookie": {:hex, :cookie, "0.1.1", "89438362ee0f0ed400e9f076d617d630f82d682e3fbcf767072a46a6e1ed5781", [:mix], [], "hexpm", "eec8878291f037ea24557dcf58b48f18e3ec8626d14c296220cc259106907a99"},
  "dns": {:hex, :dns, "2.1.2", "81c46d39f7934f0e73368355126e4266762cf227ba61d5889635d83b2d64a493", [:mix], [{:socket, "~> 0.3.13", [hex: :socket, repo: "hexpm", optional: false]}], "hexpm", "6818589d8e59c03a2c73001e5cd7a957f99c30a796021aa32445ea14d0f3356b"},
  "eex_html": {:hex, :eex_html, "1.0.0", "c88020b584d5bfc48ef6c18176af2cfed558225fc5290b435e73119b8ce98ce0", [:mix], [{:jason, "~> 1.0", [hex: :jason, repo: "hexpm", optional: true]}], "hexpm", "7e8c0fa7228f69b30392905cd3551b38b5c8ba58c3ae4a0a9cfe7aa22fc15d32"},
  "elixir_make": {:hex, :elixir_make, "0.6.0", "38349f3e29aff4864352084fc736fa7fa0f2995a819a737554f7ebd28b85aaab", [:mix], [], "hexpm", "d522695b93b7f0b4c0fcb2dfe73a6b905b1c301226a5a55cb42e5b14d509e050"},
  "gen_state_machine": {:hex, :gen_state_machine, "2.0.5", "9ac15ec6e66acac994cc442dcc2c6f9796cf380ec4b08267223014be1c728a95", [:mix], [], "hexpm", "5cacd405e72b2609a7e1f891bddb80c53d0b3b7b0036d1648e7382ca108c41c8"},
  "hpack": {:hex, :hpack_erl, "0.2.3", "17670f83ff984ae6cd74b1c456edde906d27ff013740ee4d9efaa4f1bf999633", [:rebar3], [], "hexpm", "06f580167c4b8b8a6429040df36cc93bba6d571faeaec1b28816523379cbb23a"},
  "jason": {:hex, :jason, "1.2.0", "10043418c42d2493d0ee212d3fddd25d7ffe484380afad769a0a38795938e448", [:mix], [{:decimal, "~> 1.0", [hex: :decimal, repo: "hexpm", optional: true]}], "hexpm", "116747dbe057794c3a3e4e143b7c8390b29f634e16c78a7f59ba75bfa6852e7f"},
  "mdns_lite": {:hex, :mdns_lite, "0.6.2", "8e8abcf430c8c5d6e21a1e391a11ed53430128de42f565ec7dfe7e25b53ba0a9", [:mix], [{:dns, "~> 2.1", [hex: :dns, repo: "hexpm", optional: false]}, {:vintage_net, "~> 0.7", [hex: :vintage_net, repo: "hexpm", optional: true]}], "hexpm", "c95a01c4e4f36878d0c927b673f65d766546a155a8fc73c268050796e395ef2f"},
  "mime": {:hex, :mime, "1.3.1", "30ce04ab3175b6ad0bdce0035cba77bba68b813d523d1aac73d9781b4d193cf8", [:mix], [], "hexpm", "6cbe761d6a0ca5a31a0931bf4c63204bceb64538e664a8ecf784a9a6f3b875f1"},
  "muontrap": {:hex, :muontrap, "0.5.1", "98fe96d0e616ee518860803a37a29eb23ffc2ca900047cb1bb7fd37521010093", [:make, :mix], [{:elixir_make, "~> 0.6", [hex: :elixir_make, repo: "hexpm", optional: false]}], "hexpm", "3c11b7f151b202148912c73cbdd633b76fa68fabc26cc441c9d6d140e22290dc"},
  "nerves": {:hex, :nerves, "1.6.1", "81d453da0ea30eca9f69c2abd774462b376f676e223e3853e614e601d6c5d4f6", [:mix], [{:distillery, "~> 2.1", [hex: :distillery, repo: "hexpm", optional: true]}, {:jason, "~> 1.0", [hex: :jason, repo: "hexpm", optional: true]}], "hexpm", "0f126ace0eef93350699da899b9cdb2532a3f869a88d547aa0ef0a1b0f91f3ed"},
  "nerves_firmware_ssh": {:hex, :nerves_firmware_ssh, "0.4.4", "12b0d9c84ec9f79c1b0ac0de1c575372ef972d0c58ce21c36bf354062c6222d9", [:mix], [{:nerves_runtime, "~> 0.6", [hex: :nerves_runtime, repo: "hexpm", optional: false]}], "hexpm", "98c40104d0d2c6e6e8cce22f8c8fd8ad5b4b97f8694e42a9101ca44befac38f0"},
  "nerves_runtime": {:hex, :nerves_runtime, "0.11.0", "96787c3935ec1a4943c8fcd63ce6ed1f2301f5f28eac41db800f3fafe0043f1f", [:make, :mix], [{:elixir_make, "~> 0.6", [hex: :elixir_make, repo: "hexpm", optional: false]}, {:system_registry, "~> 0.8.0", [hex: :system_registry, repo: "hexpm", optional: false]}, {:uboot_env, "~> 0.1.1", [hex: :uboot_env, repo: "hexpm", optional: false]}], "hexpm", "7adc7f7163422bddd569daadcb5d9ceb3010687afcba9f3c147ad17361417d7e"},
  "nerves_system_br": {:hex, :nerves_system_br, "1.11.0", "a241428996c85dfbe789a9926c840e1aa836daea58f88101735e88395c67567c", [:mix], [], "hexpm", "b79e52283e19d76bb290040ca354ed1bbb9e71421d0c9a600f0f320888dc0459"},
  "nerves_system_linter": {:hex, :nerves_system_linter, "0.3.0", "84e0f63c8ac196b16b77608bbe7df66dcf352845c4e4fb394bffd2b572025413", [:mix], [], "hexpm", "bffbdfb116bc72cde6e408c34c0670b199846e9a8f0953cc1c9f1eea693821a1"},
  "nerves_system_rpi0": {:hex, :nerves_system_rpi0, "1.11.0", "1ddf4dce97ff66a3d6b4150c7bf8e6501a3c3cde090e7f6687095eed1b43b7e7", [:mix], [{:nerves, "~> 1.5.4 or ~> 1.6.0", [hex: :nerves, repo: "hexpm", optional: false]}, {:nerves_system_br, "1.11.0", [hex: :nerves_system_br, repo: "hexpm", optional: false]}, {:nerves_system_linter, "~> 0.3.0", [hex: :nerves_system_linter, repo: "hexpm", optional: false]}, {:nerves_toolchain_armv6_rpi_linux_gnueabi, "~> 1.3.0", [hex: :nerves_toolchain_armv6_rpi_linux_gnueabi, repo: "hexpm", optional: false]}], "hexpm", "769ba3edf107ee56b1c34876a6dda04452e8d330fe4e80d480dce89768e707df"},
  "nerves_time": {:hex, :nerves_time, "0.4.1", "b9fa73af7592f9fa7bad32f2c8ae655f9209dbc67f534c4f0532ec354a95dd7a", [:make, :mix], [{:elixir_make, "~> 0.6", [hex: :elixir_make, repo: "hexpm", optional: false]}, {:muontrap, "~> 0.5", [hex: :muontrap, repo: "hexpm", optional: false]}], "hexpm", "1683db2cb7b3f2d04e9a259b2a3bbd3a9ae534ddff5ee81ae71f3c8a59b25224"},
  "nerves_toolchain_armv6_rpi_linux_gnueabi": {:hex, :nerves_toolchain_armv6_rpi_linux_gnueabi, "1.3.1", "fb30f5aa37797886db03714264c17d8e491c9f2ca7e75e5a763ab1ee247554e9", [:mix], [{:nerves, "~> 1.0", [hex: :nerves, repo: "hexpm", optional: false]}, {:nerves_toolchain_ctng, "~> 1.7.1", [hex: :nerves_toolchain_ctng, repo: "hexpm", optional: false]}], "hexpm", "d0040dee6bbe029153d169a96bccd726116db7014d288e9e282eb681b260eed5"},
  "nerves_toolchain_ctng": {:hex, :nerves_toolchain_ctng, "1.7.1", "41af5f00e0d6c9086a3a1429d1513e26f11cb854831f6537f66e08a3fedb68d8", [:mix], [{:nerves, "~> 1.0", [hex: :nerves, repo: "hexpm", optional: false]}], "hexpm", "76b3fce3a98e84da980d3d9438dfe3b3c314780c572f1dd44a3a51bc7974ec69"},
  "plug_crypto": {:hex, :plug_crypto, "1.1.2", "bdd187572cc26dbd95b87136290425f2b580a116d3fb1f564216918c9730d227", [:mix], [], "hexpm", "6b8b608f895b6ffcfad49c37c7883e8df98ae19c6a28113b02aa1e9c5b22d6b5"},
  "raxx": {:hex, :raxx, "1.1.0", "d6a03143a91f8092c0be1ec555075c76c8d680601236de706f020d17abcf8b16", [:mix], [], "hexpm", "58fdc4b62127890dfe7129a7e372b624411a7623f688bde9e98ff2af3fd9cb46"},
  "raxx_logger": {:hex, :raxx_logger, "0.2.2", "51bbce9371298e7329de028fe13cf050bf59547bc8f1926910d479ba4b31c4b4", [:mix], [{:raxx, "~> 0.17.5 or ~> 0.18.0 or ~> 1.0", [hex: :raxx, repo: "hexpm", optional: false]}], "hexpm", "862e4cae2b98a3aa579bbf8952b496ee265b378ebcd079ccb6c9e269a3dbf45e"},
  "raxx_session": {:hex, :raxx_session, "0.2.5", "d806650289dc8f5ce7c709ba903b2b3ef306920c680af706bbbb09bfc7c2a591", [:mix], [{:cookie, "~> 0.1.1", [hex: :cookie, repo: "hexpm", optional: false]}, {:plug_crypto, "~> 1.0", [hex: :plug_crypto, repo: "hexpm", optional: false]}, {:raxx, "~> 1.0", [hex: :raxx, repo: "hexpm", optional: false]}], "hexpm", "a98e52ce8a25c29b8bada65457c1efb92adffd42c768a8cbacf07b1c3f4235d5"},
  "raxx_static": {:hex, :raxx_static, "0.8.3", "54022edeba731fa82f8c16fffe8a0c3f36bf55808aba7c3043922cb6b2951a1c", [:mix], [{:mime, "~> 1.1", [hex: :mime, repo: "hexpm", optional: false]}, {:raxx, "~> 0.17.0 or ~> 0.18.0 or ~> 1.0", [hex: :raxx, repo: "hexpm", optional: false]}], "hexpm", "c3f814dd82953b05b5344a4b16deb7199b79061a5e72126ec3f5cd42aebbacc8"},
  "raxx_view": {:hex, :raxx_view, "0.1.7", "8e7edeafaa3d59743f24ac7684852040e9634b9882dcd6d17b5e1e926b4ed729", [:mix], [{:eex_html, "~> 0.2.1 or ~> 1.0", [hex: :eex_html, repo: "hexpm", optional: false]}, {:raxx, "~> 0.17.6 or ~> 0.18.0 or ~> 1.0", [hex: :raxx, repo: "hexpm", optional: false]}], "hexpm", "d1e9e18000ae31a3c08be8cdca66dc338dc9bf9d2428ce6f589f389e5bd8789a"},
  "ring_logger": {:hex, :ring_logger, "0.8.0", "b1baddc269099b2afe2ea3a87b8e2b71e57331c0000038ae55090068aac679db", [:mix], [], "hexpm", "9b2f482e4346c13c11ef555f898202d0ddbfda6e2354e5c6e0559d2b4e0cf781"},
  "shoehorn": {:hex, :shoehorn, "0.6.0", "f9a1b7d6212cf18ba91c4f71c26076059df33cea4db2eb3c098bfa6673349412", [:mix], [{:distillery, "~> 2.1", [hex: :distillery, repo: "hexpm", optional: true]}], "hexpm", "e54a1f58a121caf8f0f3a355686b2661258b1bc0d4fffef8923bd7b11c2f9d79"},
  "socket": {:hex, :socket, "0.3.13", "98a2ab20ce17f95fb512c5cadddba32b57273e0d2dba2d2e5f976c5969d0c632", [:mix], [], "hexpm", "f82ea9833ef49dde272e6568ab8aac657a636acb4cf44a7de8a935acb8957c2e"},
  "system_registry": {:hex, :system_registry, "0.8.2", "df791dc276652fcfb53be4dab823e05f8269b96ac57c26f86a67838dbc0eefe7", [:mix], [], "hexpm", "f7acdede22c73ab0b3735eead7f2095efb2a7a6198366564205274db2ca2a8f8"},
  "toolshed": {:hex, :toolshed, "0.2.13", "620704e3f310baa0e37d9242fbb784bc76b46286239ff5bf8dce698abc8fbcb7", [:mix], [{:nerves_runtime, "~> 0.8", [hex: :nerves_runtime, repo: "hexpm", optional: true]}], "hexpm", "b29bbc190fd5f0f544b5669c97df51ff16aba6e857250c631890b4a10b545727"},
  "uboot_env": {:hex, :uboot_env, "0.1.1", "b01e3ec0973e99473234f27839e29e63b5b81eba6a136a18a78d049d4813d6c5", [:mix], [], "hexpm", "f7b82da0cb40c8db9c9fb1fc977780ab0c28d961ec1f3c7ab265c4352e4141ae"},
  "vintage_net": {:hex, :vintage_net, "0.7.8", "05f504cd42d288c10370ac1d96696b2db9541e9a53bb246f479edc4324e8e033", [:make, :mix], [{:busybox, "~> 0.1.4", [hex: :busybox, repo: "hexpm", optional: true]}, {:elixir_make, "~> 0.6", [hex: :elixir_make, repo: "hexpm", optional: false]}, {:gen_state_machine, "~> 2.0.0", [hex: :gen_state_machine, repo: "hexpm", optional: false]}, {:muontrap, "~> 0.5.1", [hex: :muontrap, repo: "hexpm", optional: false]}], "hexpm", "007ecf65006d039188ad0618b85801f592686b4c80e689229061557c288277c8"},
  "vintage_net_ethernet": {:hex, :vintage_net_ethernet, "0.7.0", "b66a4da0846b4a55a471d15d8ab2bedbbef9c75c18f4e511c43777f7cfeffa09", [:mix], [{:vintage_net, "~> 0.7.0", [hex: :vintage_net, repo: "hexpm", optional: false]}], "hexpm", "bff0fa24b153b80dab959a0697777c4de7c3272c387ffa618f73805d66757c3f"},
  "vintage_net_wifi": {:hex, :vintage_net_wifi, "0.7.0", "be3d8275fa40ba357159033523606c74c8f612dbd60801840df60835453a6906", [:make, :mix], [{:elixir_make, "~> 0.6", [hex: :elixir_make, repo: "hexpm", optional: false]}, {:vintage_net, "~> 0.7.0", [hex: :vintage_net, repo: "hexpm", optional: false]}], "hexpm", "a9dfac64705f0b7cd7e0fc2338cf891eef091a49385805d0a42c22fb0aaa7c84"},
}
