%{
  "ace": {:hex, :ace, "0.18.10", "b471853b9da7acc1bd8df73749db832f99eef8555bab7d90de3854bda93b1dc8", [:mix], [{:hpack, "~> 0.2.3", [hex: :hpack_erl, repo: "hexpm", optional: false]}, {:raxx, "~> 0.17.0 or ~> 0.18.0 or ~> 1.0", [hex: :raxx, repo: "hexpm", optional: false]}], "hexpm", "73994932c92e92749c697690eed842b4733c4e78719d0f4a547c1656a189858f"},
  "cookie": {:hex, :cookie, "0.1.2", "71810d40c3626053f20ef0189574c0a24d4757162a6b33c3ec279a62a832670b", [:mix], [], "hexpm", "8679372c5e1e1988b6c72bf756b9204ffe82708ac356aedc8d67eb2c48f772f7"},
  "eex_html": {:hex, :eex_html, "1.0.0", "c88020b584d5bfc48ef6c18176af2cfed558225fc5290b435e73119b8ce98ce0", [:mix], [{:jason, "~> 1.0", [hex: :jason, repo: "hexpm", optional: true]}], "hexpm", "7e8c0fa7228f69b30392905cd3551b38b5c8ba58c3ae4a0a9cfe7aa22fc15d32"},
  "exsync": {:hex, :exsync, "0.2.4", "5cdc824553e0f4c4bf60018a9a6bbd5d3b51f93ef8401a0d8545f93127281d03", [:mix], [{:file_system, "~> 0.2", [hex: :file_system, repo: "hexpm", optional: false]}], "hexpm", "f7622d8bb98abbe473aa066ae46f91afdf7a5346b8b89728404f7189d2e80896"},
  "file_system": {:hex, :file_system, "0.2.10", "fb082005a9cd1711c05b5248710f8826b02d7d1784e7c3451f9c1231d4fc162d", [:mix], [], "hexpm", "41195edbfb562a593726eda3b3e8b103a309b733ad25f3d642ba49696bf715dc"},
  "hpack": {:hex, :hpack_erl, "0.2.3", "17670f83ff984ae6cd74b1c456edde906d27ff013740ee4d9efaa4f1bf999633", [:rebar3], [], "hexpm", "06f580167c4b8b8a6429040df36cc93bba6d571faeaec1b28816523379cbb23a"},
  "jason": {:hex, :jason, "1.2.2", "ba43e3f2709fd1aa1dce90aaabfd039d000469c05c56f0b8e31978e03fa39052", [:mix], [{:decimal, "~> 1.0 or ~> 2.0", [hex: :decimal, repo: "hexpm", optional: true]}], "hexpm", "18a228f5f0058ee183f29f9eae0805c6e59d61c3b006760668d8d18ff0d12179"},
  "mime": {:hex, :mime, "1.5.0", "203ef35ef3389aae6d361918bf3f952fa17a09e8e43b5aa592b93eba05d0fb8d", [:mix], [], "hexpm", "55a94c0f552249fc1a3dd9cd2d3ab9de9d3c89b559c2bd01121f824834f24746"},
  "plug_crypto": {:hex, :plug_crypto, "1.2.0", "1cb20793aa63a6c619dd18bb33d7a3aa94818e5fd39ad357051a67f26dfa2df6", [:mix], [], "hexpm", "a48b538ae8bf381ffac344520755f3007cc10bd8e90b240af98ea29b69683fc2"},
  "raxx": {:hex, :raxx, "1.1.0", "d6a03143a91f8092c0be1ec555075c76c8d680601236de706f020d17abcf8b16", [:mix], [], "hexpm", "58fdc4b62127890dfe7129a7e372b624411a7623f688bde9e98ff2af3fd9cb46"},
  "raxx_logger": {:hex, :raxx_logger, "0.2.2", "51bbce9371298e7329de028fe13cf050bf59547bc8f1926910d479ba4b31c4b4", [:mix], [{:raxx, "~> 0.17.5 or ~> 0.18.0 or ~> 1.0", [hex: :raxx, repo: "hexpm", optional: false]}], "hexpm", "862e4cae2b98a3aa579bbf8952b496ee265b378ebcd079ccb6c9e269a3dbf45e"},
  "raxx_session": {:hex, :raxx_session, "0.2.5", "d806650289dc8f5ce7c709ba903b2b3ef306920c680af706bbbb09bfc7c2a591", [:mix], [{:cookie, "~> 0.1.1", [hex: :cookie, repo: "hexpm", optional: false]}, {:plug_crypto, "~> 1.0", [hex: :plug_crypto, repo: "hexpm", optional: false]}, {:raxx, "~> 1.0", [hex: :raxx, repo: "hexpm", optional: false]}], "hexpm", "a98e52ce8a25c29b8bada65457c1efb92adffd42c768a8cbacf07b1c3f4235d5"},
  "raxx_static": {:hex, :raxx_static, "0.8.3", "54022edeba731fa82f8c16fffe8a0c3f36bf55808aba7c3043922cb6b2951a1c", [:mix], [{:mime, "~> 1.1", [hex: :mime, repo: "hexpm", optional: false]}, {:raxx, "~> 0.17.0 or ~> 0.18.0 or ~> 1.0", [hex: :raxx, repo: "hexpm", optional: false]}], "hexpm", "c3f814dd82953b05b5344a4b16deb7199b79061a5e72126ec3f5cd42aebbacc8"},
  "raxx_view": {:hex, :raxx_view, "0.1.7", "8e7edeafaa3d59743f24ac7684852040e9634b9882dcd6d17b5e1e926b4ed729", [:mix], [{:eex_html, "~> 0.2.1 or ~> 1.0", [hex: :eex_html, repo: "hexpm", optional: false]}, {:raxx, "~> 0.17.6 or ~> 0.18.0 or ~> 1.0", [hex: :raxx, repo: "hexpm", optional: false]}], "hexpm", "d1e9e18000ae31a3c08be8cdca66dc338dc9bf9d2428ce6f589f389e5bd8789a"},
}
